
Microsoft Visual Studio Solution File, Format Version 12.00
# Visual Studio Version 17
VisualStudioVersion = 17.9.34728.123
MinimumVisualStudioVersion = 10.0.40219.1
Project("{FAE04EC0-301F-11D3-BF4B-00C04F79EFBC}") = "FolhaDePagamentoFinal", "FolhaDePagamentoFinal\FolhaDePagamentoFinal.csproj", "{713FE27A-67CA-4E3D-814D-62E9BC88C5F3}"
EndProject
Global
	GlobalSection(SolutionConfigurationPlatforms) = preSolution
		Debug|Any CPU = Debug|Any CPU
		Release|Any CPU = Release|Any CPU
	EndGlobalSection
	GlobalSection(ProjectConfigurationPlatforms) = postSolution
		{713FE27A-67CA-4E3D-814D-62E9BC88C5F3}.Debug|Any CPU.ActiveCfg = Debug|Any CPU
		{713FE27A-67CA-4E3D-814D-62E9BC88C5F3}.Debug|Any CPU.Build.0 = Debug|Any CPU
		{713FE27A-67CA-4E3D-814D-62E9BC88C5F3}.Release|Any CPU.ActiveCfg = Release|Any CPU
		{713FE27A-67CA-4E3D-814D-62E9BC88C5F3}.Release|Any CPU.Build.0 = Release|Any CPU
	EndGlobalSection
	GlobalSection(SolutionProperties) = preSolution
		HideSolutionNode = FALSE
	EndGlobalSection
	GlobalSection(ExtensibilityGlobals) = postSolution
		SolutionGuid = {3DF3AFD2-6D5C-417D-914A-C17267222D86}
	EndGlobalSection
EndGlobal
